{
    "_meta": {
        "hash": {
            "sha256": "74b98446de9566b6ced6df35ace5b330b512129feca40015575b635a50bd1c09"
        },
        "pipfile-spec": 6,
        "requires": {
            "python_version": "3.8"
        },
        "sources": [
            {
                "name": "pypi",
                "url": "https://pypi.org/simple",
                "verify_ssl": true
            }
        ]
    },
    "default": {
        "beautifulsoup4": {
            "hashes": [
                "sha256:4c98143716ef1cb40bf7f39a8e3eec8f8b009509e74904ba3a7b315431577e35",
                "sha256:84729e322ad1d5b4d25f805bfa05b902dd96450f43842c4e99067d5e1369eb25",
                "sha256:fff47e031e34ec82bf17e00da8f592fe7de69aeea38be00523c04623c04fb666"
            ],
            "version": "==4.9.3"
        },
        "bottleneck": {
            "hashes": [
                "sha256:20179f0b66359792ea283b69aa16366419132f3b6cf3adadc0c48e2e8118e573"
            ],
            "version": "==1.3.2"
        },
        "certifi": {
            "hashes": [
                "sha256:5930595817496dd21bb8dc35dad090f1c2cd0adfaf21204bf6732ca5d8ee34d3",
                "sha256:8fc0819f1f30ba15bdb34cceffb9ef04d99f420f68eb75d901e9560b8749fc41"
            ],
            "version": "==2020.6.20"
        },
        "chardet": {
            "hashes": [
                "sha256:84ab92ed1c4d4f16916e05906b6b75a6c0fb5db821cc65e70cbd64a3e2a5eaae",
                "sha256:fc323ffcaeaed0e0a02bf4d117757b98aed530d9ed4531e3e15460124c106691"
            ],
            "version": "==3.0.4"
        },
        "click": {
            "hashes": [
                "sha256:d2b5255c7c6349bc1bd1e59e08cd12acbbd63ce649f2588755783aa94dfb6b1a",
                "sha256:dacca89f4bfadd5de3d7489b7c8a566eee0d3676333fbb50030263894c38c0dc"
            ],
            "markers": "python_version >= '2.7' and python_version not in '3.0, 3.1, 3.2, 3.3, 3.4'",
            "version": "==7.1.2"
        },
        "cycler": {
            "hashes": [
                "sha256:1d8a5ae1ff6c5cf9b93e8811e581232ad8920aeec647c37316ceac982b08cb2d",
                "sha256:cd7b2d1018258d7247a71425e9f26463dfb444d411c39569972f4ce586b0c9d8"
            ],
            "version": "==0.10.0"
        },
        "fastai": {
            "hashes": [
                "sha256:5cd99220151a5d92f442a70c690d5ac0b0ebe89a231940aa7d37ab1e8d143297",
                "sha256:798b7602849cd6ed8791e6871dd4d15f72bf69ae9de7987e730bb65e7a2f938b"
            ],
            "index": "pypi",
            "version": "===1.0.61"
        },
        "fastprogress": {
            "hashes": [
                "sha256:474cd6a6e5b1c29a02383d709bf71f502477d0849bddc6ba5aa80b683f4ad16f",
                "sha256:89e28ac1d2a5412aab18ee3f3dfd1ee8b5c1f2f7a44d0add0d0d4f69f0191bfe"
            ],
            "markers": "python_version >= '3.6'",
            "version": "==1.0.0"
        },
        "flask": {
            "hashes": [
                "sha256:4efa1ae2d7c9865af48986de8aeb8504bf32c7f3d6fdc9353d34b21f4b127060",
                "sha256:8a4fdd8936eba2512e9c85df320a37e694c93945b33ef33c89946a340a238557"
            ],
            "index": "pypi",
            "version": "==1.1.2"
        },
        "flask-cors": {
            "hashes": [
                "sha256:6bcfc100288c5d1bcb1dbb854babd59beee622ffd321e444b05f24d6d58466b8",
                "sha256:cee4480aaee421ed029eaa788f4049e3e26d15b5affb6a880dade6bafad38324"
            ],
            "index": "pypi",
            "version": "==3.0.9"
        },
        "future": {
            "hashes": [
                "sha256:b1bead90b70cf6ec3f0710ae53a525360fa360d306a86583adc6bf83a4db537d"
            ],
            "markers": "python_version >= '2.6' and python_version not in '3.0, 3.1, 3.2, 3.3'",
            "version": "==0.18.2"
        },
        "gunicorn": {
            "hashes": [
                "sha256:1904bb2b8a43658807108d59c3f3d56c2b6121a701161de0ddf9ad140073c626",
                "sha256:cd4a810dd51bf497552cf3f863b575dabd73d6ad6a91075b65936b151cbf4f9c"
            ],
            "index": "pypi",
            "version": "==20.0.4"
        },
        "idna": {
            "hashes": [
                "sha256:b307872f855b18632ce0c21c5e45be78c0ea7ae4c15c828c20788b26921eb3f6",
                "sha256:b97d804b1e9b523befed77c48dacec60e6dcb0b5391d57af6a65a312a90648c0"
            ],
            "markers": "python_version >= '2.7' and python_version not in '3.0, 3.1, 3.2, 3.3'",
            "version": "==2.10"
        },
        "itsdangerous": {
            "hashes": [
                "sha256:321b033d07f2a4136d3ec762eac9f16a10ccd60f53c0c91af90217ace7ba1f19",
                "sha256:b12271b2047cb23eeb98c8b5622e2e5c5e9abd9784a153e9d8ef9cb4dd09d749"
            ],
            "markers": "python_version >= '2.7' and python_version not in '3.0, 3.1, 3.2, 3.3'",
            "version": "==1.1.0"
        },
        "jinja2": {
            "hashes": [
                "sha256:89aab215427ef59c34ad58735269eb58b1a5808103067f7bb9d5836c651b3bb0",
                "sha256:f0a4641d3cf955324a89c04f3d94663aa4d638abe8f733ecd3582848e1c37035"
            ],
            "markers": "python_version >= '2.7' and python_version not in '3.0, 3.1, 3.2, 3.3, 3.4'",
            "version": "==2.11.2"
        },
        "kiwisolver": {
            "hashes": [
                "sha256:06938c178de756323067656d2e8298c96ed091473b3d3d5e86ff8df486c3a813",
                "sha256:110a2c087b5842ad80e440fd9de7d9a68735188653d23b1bf697f5deadbb4278",
                "sha256:13fe12acc9e9435422218def37764057e0cc05d2af1325b542db3c86ebf45b51",
                "sha256:14f81644e1f3bf01fbc8b9c990a7889e9bb4400c4d0ff9155aa0bdd19cce24a9",
                "sha256:19331fa555af156d155d11a70e826c04799b0a2420c1e01105de0ba893ce4954",
                "sha256:1e47f817a68001f3b9a55b8c3e5b30eab74199c436832647405a51d4bf153b6b",
                "sha256:2f8a45855f3e72dbb5f46a4e24723c16fc106794d14162e85160c2fd659ae370",
                "sha256:4028771f0d600977bee2bfa877ccb14d158f8416a669440b3bb4f5acce9859d6",
                "sha256:55ab9218cb1038ee7a74e9fcd653bd3687d017b8ff5f607f0d94caf6e130da7b",
                "sha256:60d8bdff85f5a1603a00bea3c541f6d2733e6c74d6217d235c176b0b4d90cf5f",
                "sha256:66cfc05050ed9663454953950cec30186bca2a87469b20852a7dd8315fea59b4",
                "sha256:6ae349abc864e3cbfafa381906ab61949575a386c0941b1bab47c7837187ea01",
                "sha256:70fa35ec61d2026caacd2752ce0de0cb3c90658baf5b3c87f7e137d60d001135",
                "sha256:75d21b446bbdfc7a4206117d0fcf423cfb3f6c5cc594caa984530499d5e097d6",
                "sha256:821e97161d7e1ab7b7c243f0843401fade0ce929243bce2a3a9b003dd0d8fd84",
                "sha256:878af7bec1563f1a88bb38ed8b118828ad0dc22101230560083c102c043aa5cc",
                "sha256:8be5c0a742116d32bdce4794134ed88bb520e7ace20deb1d00797a0ac36a33d0",
                "sha256:b2afc07d87ad73350bcf573692f5fbc9720115c5c614e9b9cf0e93c667da5ecb",
                "sha256:b2afe50afe66f056fb9482a14549ef6eafbe48446f8811b38cef7b0ab1e60d70",
                "sha256:b755f2359cdc440ecc4825f718fbe982fe279379406fd26f59931e7574b4c3d1",
                "sha256:baea709cd4b2547294c5dd541099811bbf949def9bef25ed086d3084b0d48849",
                "sha256:c8dc2b102bd16fa5c428da5c92ef0e6dc4e0e06fec6c225b85b79f6602163f10",
                "sha256:cc44cb144b67d842fc981934a37d44d58dd59fe899cdb40d6813b8cf1e39ecd5",
                "sha256:d99902f17d5bf138b6d3d6da1cd735d85512cdcaab70d4367c60e2ab0e5f5fe8",
                "sha256:d9ac10719246a944c86156a17ab59035497d1f024cf2ee97e0f7fb84df644639",
                "sha256:e4035b96e63e35d6fc755f83f2d34b3b7dec2d5fd4741fef2af8b523b33c75bc",
                "sha256:f512b7978c5cf1332ef6caa27be75e5909a9e5124ffd52f63d5b7fd0531049ea",
                "sha256:faea2a40719a29dd6481f17446efb30bb9e1e55f6866327946c3b4e2a40b3547"
            ],
            "markers": "python_version >= '3.6'",
            "version": "==1.3.0"
        },
        "markupsafe": {
            "hashes": [
                "sha256:00bc623926325b26bb9605ae9eae8a215691f33cae5df11ca5424f06f2d1f473",
                "sha256:09027a7803a62ca78792ad89403b1b7a73a01c8cb65909cd876f7fcebd79b161",
                "sha256:09c4b7f37d6c648cb13f9230d847adf22f8171b1ccc4d5682398e77f40309235",
                "sha256:1027c282dad077d0bae18be6794e6b6b8c91d58ed8a8d89a89d59693b9131db5",
                "sha256:13d3144e1e340870b25e7b10b98d779608c02016d5184cfb9927a9f10c689f42",
                "sha256:24982cc2533820871eba85ba648cd53d8623687ff11cbb805be4ff7b4c971aff",
                "sha256:29872e92839765e546828bb7754a68c418d927cd064fd4708fab9fe9c8bb116b",
                "sha256:43a55c2930bbc139570ac2452adf3d70cdbb3cfe5912c71cdce1c2c6bbd9c5d1",
                "sha256:46c99d2de99945ec5cb54f23c8cd5689f6d7177305ebff350a58ce5f8de1669e",
                "sha256:500d4957e52ddc3351cabf489e79c91c17f6e0899158447047588650b5e69183",
                "sha256:535f6fc4d397c1563d08b88e485c3496cf5784e927af890fb3c3aac7f933ec66",
                "sha256:596510de112c685489095da617b5bcbbac7dd6384aeebeda4df6025d0256a81b",
                "sha256:62fe6c95e3ec8a7fad637b7f3d372c15ec1caa01ab47926cfdf7a75b40e0eac1",
                "sha256:6788b695d50a51edb699cb55e35487e430fa21f1ed838122d722e0ff0ac5ba15",
                "sha256:6dd73240d2af64df90aa7c4e7481e23825ea70af4b4922f8ede5b9e35f78a3b1",
                "sha256:717ba8fe3ae9cc0006d7c451f0bb265ee07739daf76355d06366154ee68d221e",
                "sha256:79855e1c5b8da654cf486b830bd42c06e8780cea587384cf6545b7d9ac013a0b",
                "sha256:7c1699dfe0cf8ff607dbdcc1e9b9af1755371f92a68f706051cc8c37d447c905",
                "sha256:88e5fcfb52ee7b911e8bb6d6aa2fd21fbecc674eadd44118a9cc3863f938e735",
                "sha256:8defac2f2ccd6805ebf65f5eeb132adcf2ab57aa11fdf4c0dd5169a004710e7d",
                "sha256:98c7086708b163d425c67c7a91bad6e466bb99d797aa64f965e9d25c12111a5e",
                "sha256:9add70b36c5666a2ed02b43b335fe19002ee5235efd4b8a89bfcf9005bebac0d",
                "sha256:9bf40443012702a1d2070043cb6291650a0841ece432556f784f004937f0f32c",
                "sha256:ade5e387d2ad0d7ebf59146cc00c8044acbd863725f887353a10df825fc8ae21",
                "sha256:b00c1de48212e4cc9603895652c5c410df699856a2853135b3967591e4beebc2",
                "sha256:b1282f8c00509d99fef04d8ba936b156d419be841854fe901d8ae224c59f0be5",
                "sha256:b2051432115498d3562c084a49bba65d97cf251f5a331c64a12ee7e04dacc51b",
                "sha256:ba59edeaa2fc6114428f1637ffff42da1e311e29382d81b339c1817d37ec93c6",
                "sha256:c8716a48d94b06bb3b2524c2b77e055fb313aeb4ea620c8dd03a105574ba704f",
                "sha256:cd5df75523866410809ca100dc9681e301e3c27567cf498077e8551b6d20e42f",
                "sha256:cdb132fc825c38e1aeec2c8aa9338310d29d337bebbd7baa06889d09a60a1fa2",
                "sha256:e249096428b3ae81b08327a63a485ad0878de3fb939049038579ac0ef61e17e7",
                "sha256:e8313f01ba26fbbe36c7be1966a7b7424942f670f38e666995b88d012765b9be"
            ],
            "markers": "python_version >= '2.7' and python_version not in '3.0, 3.1, 3.2, 3.3'",
            "version": "==1.1.1"
        },
        "matplotlib": {
            "hashes": [
                "sha256:06866c138d81a593b535d037b2727bec9b0818cadfe6a81f6ec5715b8dd38a89",
                "sha256:16b241c3d17be786966495229714de37de04472da472277869b8d5b456a8df00",
                "sha256:27f9de4784ae6fb97679556c5542cf36c0751dccb4d6407f7c62517fa2078868",
                "sha256:2f5eefc17dc2a71318d5a3496313be5c351c0731e8c4c6182c9ac3782cfc4076",
                "sha256:371518c769d84af8ec9b7dcb871ac44f7a67ef126dd3a15c88c25458e6b6d205",
                "sha256:3d2edbf59367f03cd9daf42939ca06383a7d7803e3993eb5ff1bee8e8a3fbb6b",
                "sha256:3fb0409754b26f48045bacd6818e44e38ca9338089f8ba689e2f9344ff2847c7",
                "sha256:548cfe81476dbac44db96e9c0b074b6fb333b4d1f12b1ae68dbed47e45166384",
                "sha256:57be9e21073fc367237b03ecac0d9e4b8ddbe38e86ec4a316857d8d93ac9286c",
                "sha256:5ccecb5f78b51b885f0028b646786889f49c54883e554fca41a2a05998063f23",
                "sha256:69cf76d673682140f46c6cb5e073332c1f1b2853c748dc1cb04f7d00023567f7",
                "sha256:793e061054662aa27acaff9201cdd510a698541c6e8659eeceb31d66c16facc6",
                "sha256:799c421bc245a0749c1515b6dea6dc02db0a8c1f42446a0f03b3b82a60a900dc",
                "sha256:8bc1d3284dee001f41ec98f59675f4d723683e1cc082830b440b5f081d8e0ade",
                "sha256:a522de31e07ed7d6f954cda3fbd5ca4b8edbfc592a821a7b00291be6f843292e",
                "sha256:be2f0ec62e0939a9dcfd3638c140c5a74fc929ee3fd1f31408ab8633db6e1523",
                "sha256:c5d0c2ae3e3ed4e9f46b7c03b40d443601012ffe8eb8dfbb2bd6b2d00509f797",
                "sha256:f0268613073df055bcc6a490de733012f2cf4fe191c1adb74e41cec8add1a165"
            ],
            "markers": "python_version >= '3.6'",
            "version": "==3.3.2"
        },
        "numexpr": {
            "hashes": [
                "sha256:0eb8d1a949dcc3eea633438af939f406aaaf240ae69b4ab85ed0c11b8d5e77ee",
                "sha256:208597cacb191fe983b4ae05dc9ae8177b17d82a0d9f34719d71ac614744f53b",
                "sha256:280c316d56903d20a474c5e03c073371b8879842b8070606cef0c1ea7371933a",
                "sha256:2cb778a74f315aafc8eded19781e444269bd45f4ce3095697595e5000dc20f8a",
                "sha256:33a610bb775a84ab8ded0af4041df2e931ce7edf5b465ccd9851511429c86d0f",
                "sha256:3d83f6f3d6d449eb82a4a5bd56b9d61c9e1ade65b1188052700171051329888b",
                "sha256:4655276892b5274015377a4487e1c57cc257c666e5578e12679029cc1124fb08",
                "sha256:49f835568c864b444fa6fccf64cc01ff51a6171311742451ac4a176df471f9d8",
                "sha256:57b7fcf2d0a1370bc9a380f3a96f6d10e4dfab5081b61a198a8d23b80c33e634",
                "sha256:57d9ccd0820b7f5b1bed5100dd54a5ae52c39eb5b7e54317ae29e31ed9bd9edf",
                "sha256:583fcf614521edf6eb1326e982d6fe3951dbd451d63e51f7438f0142b491d43f",
                "sha256:59984617a50369670a88a0f0b6decdf59a93828dc42e29c8851bcffcedf0695b",
                "sha256:659cee220ebe4bf88cb527ca9723d7cb390e93cbae8729ff5e927d06713bad26",
                "sha256:687fa9521dbafb130f42d61462f968f211f7eb364f2789c5fbe65d82809ad6b2",
                "sha256:78c7040baf20036f0d85308fd5f8322e30d553b8daff1de264394014feb62cc0",
                "sha256:7cd5369c2f8cb4bac57571e52bca1a9ccc0260567cefa39ac40680dad0e9df4c",
                "sha256:81ff83abc969288673ad37055fef3e5e80cdc87f90245b76c0af9bdef6d5c509",
                "sha256:841c23811b00f35b4ce2c330b57c4398ff4a61af4488ce0e013e5039bba68188",
                "sha256:84d10e27833a5be6c9a61350cba2acb2f36af1e71c4d47c390b4cc80704ccb55",
                "sha256:9e7dbf2a849c34f5e61f9b8119688108f7b5dec97ee8ea2946440bc69a4b28d0",
                "sha256:9f91ea6385f743d5ef5ef0a074270a057115d8a4c57625800dd25b5912f563b2",
                "sha256:a478e224a23609e1bef45b44a65aad2f158a3072947fc0085c231953b1fafdcd",
                "sha256:b0d239d9827e1bcee08344fd05835823bc60aff97232e35a928214d03ff802b1",
                "sha256:c169e1424d495b7efefe69c046cbf89ae0dc7a071a89b6b844ae328ac48fccbc",
                "sha256:e518918a077478523d89060a8eb59178fd80f7f1273fe1a74088c46163fa49b5",
                "sha256:e6a7d0c269a3d9e117072551e78ec5332ece7297f80acf6447d701de0328e7df",
                "sha256:eb2bd8656ee2a92b2e928904d6b7ad434f559b1f74a381ff5f36ad987badd1a6"
            ],
            "version": "==2.7.1"
        },
        "numpy": {
            "hashes": [
                "sha256:04c7d4ebc5ff93d9822075ddb1751ff392a4375e5885299445fcebf877f179d5",
                "sha256:0bfd85053d1e9f60234f28f63d4a5147ada7f432943c113a11afcf3e65d9d4c8",
                "sha256:0c66da1d202c52051625e55a249da35b31f65a81cb56e4c69af0dfb8fb0125bf",
                "sha256:0d310730e1e793527065ad7dde736197b705d0e4c9999775f212b03c44a8484c",
                "sha256:1669ec8e42f169ff715a904c9b2105b6640f3f2a4c4c2cb4920ae8b2785dac65",
                "sha256:2117536e968abb7357d34d754e3733b0d7113d4c9f1d921f21a3d96dec5ff716",
                "sha256:3733640466733441295b0d6d3dcbf8e1ffa7e897d4d82903169529fd3386919a",
                "sha256:4339741994c775396e1a274dba3609c69ab0f16056c1077f18979bec2a2c2e6e",
                "sha256:51ee93e1fac3fe08ef54ff1c7f329db64d8a9c5557e6c8e908be9497ac76374b",
                "sha256:54045b198aebf41bf6bf4088012777c1d11703bf74461d70cd350c0af2182e45",
                "sha256:58d66a6b3b55178a1f8a5fe98df26ace76260a70de694d99577ddeab7eaa9a9d",
                "sha256:59f3d687faea7a4f7f93bd9665e5b102f32f3fa28514f15b126f099b7997203d",
                "sha256:62139af94728d22350a571b7c82795b9d59be77fc162414ada6c8b6a10ef5d02",
                "sha256:7118f0a9f2f617f921ec7d278d981244ba83c85eea197be7c5a4f84af80a9c3c",
                "sha256:7c6646314291d8f5ea900a7ea9c4261f834b5b62159ba2abe3836f4fa6705526",
                "sha256:967c92435f0b3ba37a4257c48b8715b76741410467e2bdb1097e8391fccfae15",
                "sha256:9a3001248b9231ed73894c773142658bab914645261275f675d86c290c37f66d",
                "sha256:aba1d5daf1144b956bc87ffb87966791f5e9f3e1f6fab3d7f581db1f5b598f7a",
                "sha256:addaa551b298052c16885fc70408d3848d4e2e7352de4e7a1e13e691abc734c1",
                "sha256:b594f76771bc7fc8a044c5ba303427ee67c17a09b36e1fa32bde82f5c419d17a",
                "sha256:c35a01777f81e7333bcf276b605f39c872e28295441c265cd0c860f4b40148c1",
                "sha256:cebd4f4e64cfe87f2039e4725781f6326a61f095bc77b3716502bed812b385a9",
                "sha256:d526fa58ae4aead839161535d59ea9565863bb0b0bdb3cc63214613fb16aced4",
                "sha256:d7ac33585e1f09e7345aa902c281bd777fdb792432d27fca857f39b70e5dd31c",
                "sha256:e6ddbdc5113628f15de7e4911c02aed74a4ccff531842c583e5032f6e5a179bd",
                "sha256:eb25c381d168daf351147713f49c626030dcff7a393d5caa62515d415a6071d8"
            ],
            "markers": "python_version >= '3.6'",
            "version": "==1.19.2"
        },
        "nvidia-ml-py3": {
            "hashes": [
                "sha256:390f02919ee9d73fe63a98c73101061a6b37fa694a793abf56673320f1f51277"
            ],
            "version": "==7.352.0"
        },
        "packaging": {
            "hashes": [
                "sha256:4357f74f47b9c12db93624a82154e9b120fa8293699949152b22065d556079f8",
                "sha256:998416ba6962ae7fbd6596850b80e17859a5753ba17c32284f67bfff33784181"
            ],
            "markers": "python_version >= '2.7' and python_version not in '3.0, 3.1, 3.2, 3.3'",
            "version": "==20.4"
        },
        "pandas": {
            "hashes": [
                "sha256:206d7c3e5356dcadf082e64dc25c24bc8541718045826074f96346e9d6d05a20",
                "sha256:24f61f40febe47edac271eda45d683e42838b7db2bd0f82574d9800259d2b182",
                "sha256:3a038cd5da602b955d335aa80cbaa0e5774f68501ff47b9c21509906981478da",
                "sha256:427be9938b2f79ab298de84f87693914cda238a27cf10580da96caf3dff64115",
                "sha256:54f5f564058b0280d588c3758abde82e280702c440db5faf0c686b80336096f9",
                "sha256:5a8a84b75ca3a29bb4263b35d5ed9fcaae2b062f014feed8c5daa897339c7d85",
                "sha256:84a4ffe668df357e31f98c829536e3a7142c3036c82f996e639f644c5d32eda1",
                "sha256:882012763668af54b48f1412bab95c5cc0a7ccce5a2a8221cfc3839a6e3394ef",
                "sha256:920d30fdff65a079f071db635d282b4f583c2b26f2b58d5dca218aac7c59974d",
                "sha256:a605054fbca71ed1d08bb2aef6f73c84a579bbac956bfe8f9718d5e84cb41248",
                "sha256:b11b496c317dbe007898de699fd59eaf687d0fe8c1b7dad109db6010155d28ae",
                "sha256:babbeda2f83b0686c9ad38d93b10516e68cdcd5771007eb80a763e98aaf44613",
                "sha256:c22e40f1b4d162ca18eb6b2c572e63eef220dbc9cc3de0241cefb77972621bb7",
                "sha256:ca31ac8578d48da354cf66a473d4d5ff99277ca71d321dc7ea4e6fad3c6bb0fd",
                "sha256:ca71a5aa9eeb3ef5b31feca7d9b6369d6b3d0b2e9c85d7a89abe3ecb013f1e86",
                "sha256:d6b1f9d506dc23da2915bcae5c5968990049c9cec44108bd9855d2c7c89d91dc",
                "sha256:d89dbc58aec1544722a8d5046f880b597c497ef8a82c5fe695b4b2effafac5ec",
                "sha256:df43ea0e9fd9f9672b0de9cac26d01255ad50481994bf3cb4687c21eec2d7bbc",
                "sha256:fd6f05b6101d0e76f3e5c26a47be5be7be96ed84ef3981dc1852e76898e73594"
            ],
            "markers": "python_full_version >= '3.6.1'",
            "version": "==1.1.3"
        },
        "pillow": {
            "hashes": [
                "sha256:006de60d7580d81f4a1a7e9f0173dc90a932e3905cc4d47ea909bc946302311a",
                "sha256:0a2e8d03787ec7ad71dc18aec9367c946ef8ef50e1e78c71f743bc3a770f9fae",
                "sha256:0eeeae397e5a79dc088d8297a4c2c6f901f8fb30db47795113a4a605d0f1e5ce",
                "sha256:11c5c6e9b02c9dac08af04f093eb5a2f84857df70a7d4a6a6ad461aca803fb9e",
                "sha256:2fb113757a369a6cdb189f8df3226e995acfed0a8919a72416626af1a0a71140",
                "sha256:4b0ef2470c4979e345e4e0cc1bbac65fda11d0d7b789dbac035e4c6ce3f98adb",
                "sha256:59e903ca800c8cfd1ebe482349ec7c35687b95e98cefae213e271c8c7fffa021",
                "sha256:5abd653a23c35d980b332bc0431d39663b1709d64142e3652890df4c9b6970f6",
                "sha256:5f9403af9c790cc18411ea398a6950ee2def2a830ad0cfe6dc9122e6d528b302",
                "sha256:6b4a8fd632b4ebee28282a9fef4c341835a1aa8671e2770b6f89adc8e8c2703c",
                "sha256:6c1aca8231625115104a06e4389fcd9ec88f0c9befbabd80dc206c35561be271",
                "sha256:795e91a60f291e75de2e20e6bdd67770f793c8605b553cb6e4387ce0cb302e09",
                "sha256:7ba0ba61252ab23052e642abdb17fd08fdcfdbbf3b74c969a30c58ac1ade7cd3",
                "sha256:7c9401e68730d6c4245b8e361d3d13e1035cbc94db86b49dc7da8bec235d0015",
                "sha256:81f812d8f5e8a09b246515fac141e9d10113229bc33ea073fec11403b016bcf3",
                "sha256:895d54c0ddc78a478c80f9c438579ac15f3e27bf442c2a9aa74d41d0e4d12544",
                "sha256:8de332053707c80963b589b22f8e0229f1be1f3ca862a932c1bcd48dafb18dd8",
                "sha256:92c882b70a40c79de9f5294dc99390671e07fc0b0113d472cbea3fde15db1792",
                "sha256:95edb1ed513e68bddc2aee3de66ceaf743590bf16c023fb9977adc4be15bd3f0",
                "sha256:b63d4ff734263ae4ce6593798bcfee6dbfb00523c82753a3a03cbc05555a9cc3",
                "sha256:bd7bf289e05470b1bc74889d1466d9ad4a56d201f24397557b6f65c24a6844b8",
                "sha256:cc3ea6b23954da84dbee8025c616040d9aa5eaf34ea6895a0a762ee9d3e12e11",
                "sha256:cc9ec588c6ef3a1325fa032ec14d97b7309db493782ea8c304666fb10c3bd9a7",
                "sha256:d3d07c86d4efa1facdf32aa878bd508c0dc4f87c48125cc16b937baa4e5b5e11",
                "sha256:d8a96747df78cda35980905bf26e72960cba6d355ace4780d4bdde3b217cdf1e",
                "sha256:e38d58d9138ef972fceb7aeec4be02e3f01d383723965bfcef14d174c8ccd039",
                "sha256:eb472586374dc66b31e36e14720747595c2b265ae962987261f044e5cce644b5",
                "sha256:fbd922f702582cb0d71ef94442bfca57624352622d75e3be7a1e7e9360b07e72"
            ],
            "markers": "python_version >= '3.6'",
            "version": "==8.0.1"
        },
        "pyparsing": {
            "hashes": [
                "sha256:c203ec8783bf771a155b207279b9bccb8dea02d8f0c9e5f8ead507bc3246ecc1",
                "sha256:ef9d7589ef3c200abe66653d3f1ab1033c3c419ae9b9bdb1240a85b024efc88b"
            ],
            "markers": "python_version >= '2.6' and python_version not in '3.0, 3.1, 3.2, 3.3'",
            "version": "==2.4.7"
        },
        "python-dateutil": {
            "hashes": [
                "sha256:73ebfe9dbf22e832286dafa60473e4cd239f8592f699aa5adaf10050e6e1823c",
                "sha256:75bb3f31ea686f1197762692a9ee6a7550b59fc6ca3a1f4b5d7e32fb98e2da2a"
            ],
            "markers": "python_version >= '2.7' and python_version not in '3.0, 3.1, 3.2, 3.3'",
            "version": "==2.8.1"
        },
        "pytz": {
            "hashes": [
                "sha256:a494d53b6d39c3c6e44c3bec237336e14305e4f29bbf800b599253057fbb79ed",
                "sha256:c35965d010ce31b23eeb663ed3cc8c906275d6be1a34393a1d73a41febf4a048"
            ],
            "version": "==2020.1"
        },
        "pyyaml": {
            "hashes": [
                "sha256:06a0d7ba600ce0b2d2fe2e78453a470b5a6e000a985dd4a4e54e436cc36b0e97",
                "sha256:240097ff019d7c70a4922b6869d8a86407758333f02203e0fc6ff79c5dcede76",
                "sha256:4f4b913ca1a7319b33cfb1369e91e50354d6f07a135f3b901aca02aa95940bd2",
                "sha256:69f00dca373f240f842b2931fb2c7e14ddbacd1397d57157a9b005a6a9942648",
                "sha256:73f099454b799e05e5ab51423c7bcf361c58d3206fa7b0d555426b1f4d9a3eaf",
                "sha256:74809a57b329d6cc0fdccee6318f44b9b8649961fa73144a98735b0aaf029f1f",
                "sha256:7739fc0fa8205b3ee8808aea45e968bc90082c10aef6ea95e855e10abf4a37b2",
                "sha256:95f71d2af0ff4227885f7a6605c37fd53d3a106fcab511b8860ecca9fcf400ee",
                "sha256:b8eac752c5e14d3eca0e6dd9199cd627518cb5ec06add0de9d32baeee6fe645d",
                "sha256:cc8955cfbfc7a115fa81d85284ee61147059a753344bc51098f3ccd69b0d7e0c",
                "sha256:d13155f591e6fcc1ec3b30685d50bf0711574e2c0dfffd7644babf8b5102ca1a"
            ],
            "version": "==5.3.1"
        },
        "requests": {
            "hashes": [
                "sha256:b3559a131db72c33ee969480840fff4bb6dd111de7dd27c8ee1f820f4f00231b",
                "sha256:fe75cc94a9443b9246fc7049224f75604b113c36acb93f87b80ed42c44cbb898"
            ],
            "index": "pypi",
            "version": "==2.24.0"
        },
        "scipy": {
            "hashes": [
                "sha256:07b083128beae040f1129bd8a82b01804f5e716a7fd2962c1053fa683433e4ab",
                "sha256:0edd67e8a00903aaf7a29c968555a2e27c5a69fea9d1dcfffda80614281a884f",
                "sha256:12fdcbfa56cac926a0a9364a30cbf4ad03c2c7b59f75b14234656a5e4fd52bf3",
                "sha256:1fee28b6641ecbff6e80fe7788e50f50c5576157d278fa40f36c851940eb0aff",
                "sha256:33e6a7439f43f37d4c1135bc95bcd490ffeac6ef4b374892c7005ce2c729cf4a",
                "sha256:5163200ab14fd2b83aba8f0c4ddcc1fa982a43192867264ab0f4c8065fd10d17",
                "sha256:66ec29348444ed6e8a14c9adc2de65e74a8fc526dc2c770741725464488ede1f",
                "sha256:8cc5c39ed287a8b52a5509cd6680af078a40b0e010e2657eca01ffbfec929468",
                "sha256:a1a13858b10d41beb0413c4378462b43eafef88a1948d286cb357eadc0aec024",
                "sha256:a3db1fe7c6cb29ca02b14c9141151ebafd11e06ffb6da8ecd330eee5c8283a8a",
                "sha256:aebb69bcdec209d874fc4b0c7ac36f509d50418a431c1422465fa34c2c0143ea",
                "sha256:b9751b39c52a3fa59312bd2e1f40144ee26b51404db5d2f0d5259c511ff6f614",
                "sha256:bc0e63daf43bf052aefbbd6c5424bc03f629d115ece828e87303a0bcc04a37e4",
                "sha256:d5e3cc60868f396b78fc881d2c76460febccfe90f6d2f082b9952265c79a8788",
                "sha256:ddae76784574cc4c172f3d5edd7308be16078dd3b977e8746860c76c195fa707",
                "sha256:e2602f79c85924e4486f684aa9bbab74afff90606100db88d0785a0088be7edb",
                "sha256:e527c9221b6494bcd06a17f9f16874406b32121385f9ab353b8a9545be458f0b",
                "sha256:f574558f1b774864516f3c3fe072ebc90a29186f49b720f60ed339294b7f32ac",
                "sha256:ffcbd331f1ffa82e22f1d408e93c37463c9a83088243158635baec61983aaacf"
            ],
            "markers": "python_version >= '3.6'",
            "version": "==1.5.3"
        },
        "six": {
            "hashes": [
                "sha256:30639c035cdb23534cd4aa2dd52c3bf48f06e5f4a941509c8bafd8ce11080259",
                "sha256:8b74bedcbbbaca38ff6d7491d76f2b06b3592611af620f8426e82dddb04a5ced"
            ],
            "markers": "python_version >= '2.7' and python_version not in '3.0, 3.1, 3.2, 3.3'",
            "version": "==1.15.0"
        },
        "soupsieve": {
            "hashes": [
                "sha256:1634eea42ab371d3d346309b93df7870a88610f0725d47528be902a0d95ecc55",
                "sha256:a59dc181727e95d25f781f0eb4fd1825ff45590ec8ff49eadfd7f1a537cc0232"
            ],
            "markers": "python_version >= '3.0'",
            "version": "==2.0.1"
        },
        "torch": {
            "hashes": [
                "sha256:3838bd01af7dfb1f78573973f6842ce75b17e8e4f22be99c891dcb7c94bc13f5",
                "sha256:4f9a4ad7947cef566afb0a323d99009fe8524f0b0f2ca1fb7ad5de0400381a5b",
                "sha256:5357873e243bcfa804c32dc341f564e9a4c12addfc9baae4ee857fcc09a0a216",
                "sha256:728facb972a5952323c6d790c2c5922b2b35c44b0bc7bdfa02f8639727671a0c",
                "sha256:7669f4d923b5758e28b521ea749c795ed67ff24b45ba20296bc8cff706d08df8",
                "sha256:87d65c01d1b70bb46070824f28bfd93c86d3c5c56b90cbbe836a3f2491d91c76"
            ],
            "markers": "python_full_version >= '3.6.1'",
            "version": "==1.6.0"
        },
        "torchvision": {
            "hashes": [
                "sha256:0d1a5adfef4387659c7a0af3b72e16caa0c67224a422050ab65184d13ac9fb13",
                "sha256:14c0bf60fa26aabaea64ef30b8e5d441ee78d1a5eed568c30806af19bbe6b638",
                "sha256:8c8df7e1d1f3d4e088256be1e8c8d3eb90b016302baa4649742d47ae1531da37",
                "sha256:a70d80bb8749c1e4a46fa56dc2fc857e98d14600841e02cc2fed766daf96c245",
                "sha256:cfa2b367bc9acf20f18b151d0525970279719e81969c17214effe77245875354",
                "sha256:f5686e0a0dd511ac33eb9d6279bd34edd9f282dcb7c8ad21e290882c6206504f"
            ],
            "index": "pypi",
            "version": "===0.7.0"
        },
        "urllib3": {
            "hashes": [
                "sha256:8d7eaa5a82a1cac232164990f04874c594c9453ec55eef02eab885aa02fc17a2",
                "sha256:f5321fbe4bf3fefa0efd0bfe7fb14e90909eb62a48ccda331726b4319897dd5e"
            ],
            "markers": "python_version >= '2.7' and python_version not in '3.0, 3.1, 3.2, 3.3, 3.4' and python_version < '4'",
            "version": "==1.25.11"
        },
        "werkzeug": {
            "hashes": [
                "sha256:2de2a5db0baeae7b2d2664949077c2ac63fbd16d98da0ff71837f7d1dea3fd43",
                "sha256:6c80b1e5ad3665290ea39320b91e1be1e0d5f60652b964a3070216de83d2e47c"
            ],
            "markers": "python_version >= '2.7' and python_version not in '3.0, 3.1, 3.2, 3.3, 3.4'",
            "version": "==1.0.1"
        }
    },
    "develop": {}
}
